
Microsoft Visual Studio Solution File, Format Version 12.00
# Visual Studio Version 17
VisualStudioVersion = 17.10.35027.167
MinimumVisualStudioVersion = 10.0.40219.1
Project("{8BC9CEB8-8B4A-11D0-8D11-00A0C91BC942}") = "mHorseShoe0_0_1", "mHorseShoe0_0_1\mHorseShoe0_0_1.vcxproj", "{3CAAF238-5CCD-40E2-BFD3-2E3CDA711D88}"
EndProject
Global
	GlobalSection(SolutionConfigurationPlatforms) = preSolution
		Debug|x64 = Debug|x64
		Debug|x86 = Debug|x86
		Release|x64 = Release|x64
		Release|x86 = Release|x86
	EndGlobalSection
	GlobalSection(ProjectConfigurationPlatforms) = postSolution
		{3CAAF238-5CCD-40E2-BFD3-2E3CDA711D88}.Debug|x64.ActiveCfg = Debug|x64
		{3CAAF238-5CCD-40E2-BFD3-2E3CDA711D88}.Debug|x64.Build.0 = Debug|x64
		{3CAAF238-5CCD-40E2-BFD3-2E3CDA711D88}.Debug|x86.ActiveCfg = Debug|Win32
		{3CAAF238-5CCD-40E2-BFD3-2E3CDA711D88}.Debug|x86.Build.0 = Debug|Win32
		{3CAAF238-5CCD-40E2-BFD3-2E3CDA711D88}.Release|x64.ActiveCfg = Release|x64
		{3CAAF238-5CCD-40E2-BFD3-2E3CDA711D88}.Release|x64.Build.0 = Release|x64
		{3CAAF238-5CCD-40E2-BFD3-2E3CDA711D88}.Release|x86.ActiveCfg = Release|Win32
		{3CAAF238-5CCD-40E2-BFD3-2E3CDA711D88}.Release|x86.Build.0 = Release|Win32
	EndGlobalSection
	GlobalSection(SolutionProperties) = preSolution
		HideSolutionNode = FALSE
	EndGlobalSection
	GlobalSection(ExtensibilityGlobals) = postSolution
		SolutionGuid = {CC3C755D-FACA-4FC9-B96B-5D98DE86AD55}
	EndGlobalSection
EndGlobal
